// !$*UTF8*$!
{
	archiveVersion = 1;
	classes = {
	};
	objectVersion = 56;
	objects = {

/* Begin PBXBuildFile section */
		175AD15F2B48C57100CA2ABE /* AppDelegate.swift in Sources */ = {isa = PBXBuildFile; fileRef = 175AD15E2B48C57100CA2ABE /* AppDelegate.swift */; };
		175AD1632B48C57100CA2ABE /* ViewController.swift in Sources */ = {isa = PBXBuildFile; fileRef = 175AD1622B48C57100CA2ABE /* ViewController.swift */; };
		175AD1652B48C57200CA2ABE /* Assets.xcassets in Resources */ = {isa = PBXBuildFile; fileRef = 175AD1642B48C57200CA2ABE /* Assets.xcassets */; };
		175AD1682B48C57200CA2ABE /* LaunchScreen.storyboard in Resources */ = {isa = PBXBuildFile; fileRef = 175AD1662B48C57200CA2ABE /* LaunchScreen.storyboard */; };
		175AD1712B48CA5C00CA2ABE /* SceneDelegate.swift in Sources */ = {isa = PBXBuildFile; fileRef = 175AD1702B48CA5C00CA2ABE /* SceneDelegate.swift */; };
		175AD17F2B49E80800CA2ABE /* Logger.swift in Sources */ = {isa = PBXBuildFile; fileRef = 175AD17E2B49E80800CA2ABE /* Logger.swift */; };
		175AD1812B49F0A200CA2ABE /* main.swift in Sources */ = {isa = PBXBuildFile; fileRef = 175AD1802B49F0A200CA2ABE /* main.swift */; };
		175AD1892B49F0FB00CA2ABE /* ImageSearchTests.swift in Sources */ = {isa = PBXBuildFile; fileRef = 175AD1882B49F0FB00CA2ABE /* ImageSearchTests.swift */; };
		175AD1912B49F17800CA2ABE /* StubAppDelegate.swift in Sources */ = {isa = PBXBuildFile; fileRef = 175AD1902B49F17800CA2ABE /* StubAppDelegate.swift */; };
		175AD19F2B4C3D7D00CA2ABE /* PhotosRepository.swift in Sources */ = {isa = PBXBuildFile; fileRef = 175AD19E2B4C3D7D00CA2ABE /* PhotosRepository.swift */; };
		175AD1A12B4C409700CA2ABE /* PhotoQuery.swift in Sources */ = {isa = PBXBuildFile; fileRef = 175AD1A02B4C409700CA2ABE /* PhotoQuery.swift */; };
		175AD1A32B4C40E000CA2ABE /* PhotosPage.swift in Sources */ = {isa = PBXBuildFile; fileRef = 175AD1A22B4C40E000CA2ABE /* PhotosPage.swift */; };
		175AD1A62B4C421D00CA2ABE /* PhotoResponseDTO.swift in Sources */ = {isa = PBXBuildFile; fileRef = 175AD1A52B4C421D00CA2ABE /* PhotoResponseDTO.swift */; };
		175AD1AA2B4C61C400CA2ABE /* APIService.swift in Sources */ = {isa = PBXBuildFile; fileRef = 175AD1A92B4C61C400CA2ABE /* APIService.swift */; };
		175AD1AC2B4C71F400CA2ABE /* data.json in Resources */ = {isa = PBXBuildFile; fileRef = 175AD1AB2B4C71F400CA2ABE /* data.json */; };
		1772B2372B534E63004D6D9F /* Endpoint.swift in Sources */ = {isa = PBXBuildFile; fileRef = 1772B2362B534E63004D6D9F /* Endpoint.swift */; };
		1772B23B2B535044004D6D9F /* PhotoRespository.swift in Sources */ = {isa = PBXBuildFile; fileRef = 1772B23A2B535044004D6D9F /* PhotoRespository.swift */; };
		1772B23D2B53525F004D6D9F /* APIEndpoints.swift in Sources */ = {isa = PBXBuildFile; fileRef = 1772B23C2B53525F004D6D9F /* APIEndpoints.swift */; };
		1772B23F2B5352E2004D6D9F /* PhotoRequestDTO.swift in Sources */ = {isa = PBXBuildFile; fileRef = 1772B23E2B5352E2004D6D9F /* PhotoRequestDTO.swift */; };
/* End PBXBuildFile section */

/* Begin PBXContainerItemProxy section */
		175AD18A2B49F0FB00CA2ABE /* PBXContainerItemProxy */ = {
			isa = PBXContainerItemProxy;
			containerPortal = 175AD1532B48C57100CA2ABE /* Project object */;
			proxyType = 1;
			remoteGlobalIDString = 175AD15A2B48C57100CA2ABE;
			remoteInfo = ImageSearch;
		};
/* End PBXContainerItemProxy section */

/* Begin PBXFileReference section */
		175AD15B2B48C57100CA2ABE /* ImageSearch.app */ = {isa = PBXFileReference; explicitFileType = wrapper.application; includeInIndex = 0; path = ImageSearch.app; sourceTree = BUILT_PRODUCTS_DIR; };
		175AD15E2B48C57100CA2ABE /* AppDelegate.swift */ = {isa = PBXFileReference; lastKnownFileType = sourcecode.swift; path = AppDelegate.swift; sourceTree = "<group>"; };
		175AD1622B48C57100CA2ABE /* ViewController.swift */ = {isa = PBXFileReference; lastKnownFileType = sourcecode.swift; path = ViewController.swift; sourceTree = "<group>"; };
		175AD1642B48C57200CA2ABE /* Assets.xcassets */ = {isa = PBXFileReference; lastKnownFileType = folder.assetcatalog; path = Assets.xcassets; sourceTree = "<group>"; };
		175AD1672B48C57200CA2ABE /* Base */ = {isa = PBXFileReference; lastKnownFileType = file.storyboard; name = Base; path = Base.lproj/LaunchScreen.storyboard; sourceTree = "<group>"; };
		175AD1692B48C57200CA2ABE /* Info.plist */ = {isa = PBXFileReference; lastKnownFileType = text.plist.xml; path = Info.plist; sourceTree = "<group>"; };
		175AD1702B48CA5C00CA2ABE /* SceneDelegate.swift */ = {isa = PBXFileReference; lastKnownFileType = sourcecode.swift; path = SceneDelegate.swift; sourceTree = "<group>"; };
		175AD17E2B49E80800CA2ABE /* Logger.swift */ = {isa = PBXFileReference; lastKnownFileType = sourcecode.swift; path = Logger.swift; sourceTree = "<group>"; };
		175AD1802B49F0A200CA2ABE /* main.swift */ = {isa = PBXFileReference; lastKnownFileType = sourcecode.swift; path = main.swift; sourceTree = "<group>"; };
		175AD1862B49F0FB00CA2ABE /* ImageSearchTests.xctest */ = {isa = PBXFileReference; explicitFileType = wrapper.cfbundle; includeInIndex = 0; path = ImageSearchTests.xctest; sourceTree = BUILT_PRODUCTS_DIR; };
		175AD1882B49F0FB00CA2ABE /* ImageSearchTests.swift */ = {isa = PBXFileReference; lastKnownFileType = sourcecode.swift; path = ImageSearchTests.swift; sourceTree = "<group>"; };
		175AD1902B49F17800CA2ABE /* StubAppDelegate.swift */ = {isa = PBXFileReference; lastKnownFileType = sourcecode.swift; path = StubAppDelegate.swift; sourceTree = "<group>"; };
		175AD19E2B4C3D7D00CA2ABE /* PhotosRepository.swift */ = {isa = PBXFileReference; lastKnownFileType = sourcecode.swift; path = PhotosRepository.swift; sourceTree = "<group>"; };
		175AD1A02B4C409700CA2ABE /* PhotoQuery.swift */ = {isa = PBXFileReference; lastKnownFileType = sourcecode.swift; path = PhotoQuery.swift; sourceTree = "<group>"; };
		175AD1A22B4C40E000CA2ABE /* PhotosPage.swift */ = {isa = PBXFileReference; lastKnownFileType = sourcecode.swift; path = PhotosPage.swift; sourceTree = "<group>"; };
		175AD1A52B4C421D00CA2ABE /* PhotoResponseDTO.swift */ = {isa = PBXFileReference; lastKnownFileType = sourcecode.swift; path = PhotoResponseDTO.swift; sourceTree = "<group>"; };
		175AD1A92B4C61C400CA2ABE /* APIService.swift */ = {isa = PBXFileReference; lastKnownFileType = sourcecode.swift; path = APIService.swift; sourceTree = "<group>"; };
		175AD1AB2B4C71F400CA2ABE /* data.json */ = {isa = PBXFileReference; lastKnownFileType = text.json; path = data.json; sourceTree = "<group>"; };
		1772B2362B534E63004D6D9F /* Endpoint.swift */ = {isa = PBXFileReference; lastKnownFileType = sourcecode.swift; path = Endpoint.swift; sourceTree = "<group>"; };
		1772B23A2B535044004D6D9F /* PhotoRespository.swift */ = {isa = PBXFileReference; lastKnownFileType = sourcecode.swift; path = PhotoRespository.swift; sourceTree = "<group>"; };
		1772B23C2B53525F004D6D9F /* APIEndpoints.swift */ = {isa = PBXFileReference; lastKnownFileType = sourcecode.swift; path = APIEndpoints.swift; sourceTree = "<group>"; };
		1772B23E2B5352E2004D6D9F /* PhotoRequestDTO.swift */ = {isa = PBXFileReference; lastKnownFileType = sourcecode.swift; path = PhotoRequestDTO.swift; sourceTree = "<group>"; };
/* End PBXFileReference section */

/* Begin PBXFrameworksBuildPhase section */
		175AD1582B48C57100CA2ABE /* Frameworks */ = {
			isa = PBXFrameworksBuildPhase;
			buildActionMask = 2147483647;
			files = (
			);
			runOnlyForDeploymentPostprocessing = 0;
		};
		175AD1832B49F0FB00CA2ABE /* Frameworks */ = {
			isa = PBXFrameworksBuildPhase;
			buildActionMask = 2147483647;
			files = (
			);
			runOnlyForDeploymentPostprocessing = 0;
		};
/* End PBXFrameworksBuildPhase section */

/* Begin PBXGroup section */
		175AD1522B48C57100CA2ABE = {
			isa = PBXGroup;
			children = (
				175AD15D2B48C57100CA2ABE /* ImageSearch */,
				175AD1872B49F0FB00CA2ABE /* ImageSearchTests */,
				175AD15C2B48C57100CA2ABE /* Products */,
			);
			sourceTree = "<group>";
		};
		175AD15C2B48C57100CA2ABE /* Products */ = {
			isa = PBXGroup;
			children = (
				175AD15B2B48C57100CA2ABE /* ImageSearch.app */,
				175AD1862B49F0FB00CA2ABE /* ImageSearchTests.xctest */,
			);
			name = Products;
			sourceTree = "<group>";
		};
		175AD15D2B48C57100CA2ABE /* ImageSearch */ = {
			isa = PBXGroup;
			children = (
				175AD1802B49F0A200CA2ABE /* main.swift */,
				175AD1A72B4C61A900CA2ABE /* Infrastructure */,
				175AD19B2B4A9BEA00CA2ABE /* Data */,
				175AD19A2B4A9BCA00CA2ABE /* Domain */,
				175AD17D2B49E7FF00CA2ABE /* Logging */,
				175AD16F2B48C6AB00CA2ABE /* Application */,
				175AD1622B48C57100CA2ABE /* ViewController.swift */,
				175AD1642B48C57200CA2ABE /* Assets.xcassets */,
				175AD1662B48C57200CA2ABE /* LaunchScreen.storyboard */,
				175AD1692B48C57200CA2ABE /* Info.plist */,
				175AD1AB2B4C71F400CA2ABE /* data.json */,
			);
			path = ImageSearch;
			sourceTree = "<group>";
		};
		175AD16F2B48C6AB00CA2ABE /* Application */ = {
			isa = PBXGroup;
			children = (
				175AD15E2B48C57100CA2ABE /* AppDelegate.swift */,
				175AD1702B48CA5C00CA2ABE /* SceneDelegate.swift */,
			);
			path = Application;
			sourceTree = "<group>";
		};
		175AD17D2B49E7FF00CA2ABE /* Logging */ = {
			isa = PBXGroup;
			children = (
				175AD17E2B49E80800CA2ABE /* Logger.swift */,
			);
			path = Logging;
			sourceTree = "<group>";
		};
		175AD1872B49F0FB00CA2ABE /* ImageSearchTests */ = {
			isa = PBXGroup;
			children = (
				175AD18F2B49F13400CA2ABE /* Stubs */,
				175AD1882B49F0FB00CA2ABE /* ImageSearchTests.swift */,
			);
			path = ImageSearchTests;
			sourceTree = "<group>";
		};
		175AD18F2B49F13400CA2ABE /* Stubs */ = {
			isa = PBXGroup;
			children = (
				175AD1902B49F17800CA2ABE /* StubAppDelegate.swift */,
			);
			path = Stubs;
			sourceTree = "<group>";
		};
		175AD19A2B4A9BCA00CA2ABE /* Domain */ = {
			isa = PBXGroup;
			children = (
				175AD19D2B4C346500CA2ABE /* Interfaces */,
				175AD19C2B4A9C4800CA2ABE /* Entities */,
			);
			path = Domain;
			sourceTree = "<group>";
		};
		175AD19B2B4A9BEA00CA2ABE /* Data */ = {
			isa = PBXGroup;
			children = (
				1772B2392B535037004D6D9F /* Repositories */,
				1772B2382B534F71004D6D9F /* Network */,
				175AD1A42B4C421000CA2ABE /* Mapping */,
			);
			path = Data;
			sourceTree = "<group>";
		};
		175AD19C2B4A9C4800CA2ABE /* Entities */ = {
			isa = PBXGroup;
			children = (
				175AD1A02B4C409700CA2ABE /* PhotoQuery.swift */,
				175AD1A22B4C40E000CA2ABE /* PhotosPage.swift */,
			);
			path = Entities;
			sourceTree = "<group>";
		};
		175AD19D2B4C346500CA2ABE /* Interfaces */ = {
			isa = PBXGroup;
			children = (
				175AD19E2B4C3D7D00CA2ABE /* PhotosRepository.swift */,
			);
			path = Interfaces;
			sourceTree = "<group>";
		};
		175AD1A42B4C421000CA2ABE /* Mapping */ = {
			isa = PBXGroup;
			children = (
				175AD1A52B4C421D00CA2ABE /* PhotoResponseDTO.swift */,
				1772B23E2B5352E2004D6D9F /* PhotoRequestDTO.swift */,
			);
			path = Mapping;
			sourceTree = "<group>";
		};
		175AD1A72B4C61A900CA2ABE /* Infrastructure */ = {
			isa = PBXGroup;
			children = (
				175AD1A82B4C61B700CA2ABE /* Network */,
			);
			path = Infrastructure;
			sourceTree = "<group>";
		};
		175AD1A82B4C61B700CA2ABE /* Network */ = {
			isa = PBXGroup;
			children = (
				175AD1A92B4C61C400CA2ABE /* APIService.swift */,
				1772B2362B534E63004D6D9F /* Endpoint.swift */,
			);
			path = Network;
			sourceTree = "<group>";
		};
		1772B2382B534F71004D6D9F /* Network */ = {
			isa = PBXGroup;
			children = (
				1772B23C2B53525F004D6D9F /* APIEndpoints.swift */,
			);
			path = Network;
			sourceTree = "<group>";
		};
		1772B2392B535037004D6D9F /* Repositories */ = {
			isa = PBXGroup;
			children = (
				1772B23A2B535044004D6D9F /* PhotoRespository.swift */,
			);
			path = Repositories;
			sourceTree = "<group>";
		};
/* End PBXGroup section */

/* Begin PBXNativeTarget section */
		175AD15A2B48C57100CA2ABE /* ImageSearch */ = {
			isa = PBXNativeTarget;
			buildConfigurationList = 175AD16C2B48C57200CA2ABE /* Build configuration list for PBXNativeTarget "ImageSearch" */;
			buildPhases = (
				175AD1572B48C57100CA2ABE /* Sources */,
				175AD1582B48C57100CA2ABE /* Frameworks */,
				175AD1592B48C57100CA2ABE /* Resources */,
			);
			buildRules = (
			);
			dependencies = (
			);
			name = ImageSearch;
			productName = ImageSearch;
			productReference = 175AD15B2B48C57100CA2ABE /* ImageSearch.app */;
			productType = "com.apple.product-type.application";
		};
		175AD1852B49F0FB00CA2ABE /* ImageSearchTests */ = {
			isa = PBXNativeTarget;
			buildConfigurationList = 175AD18C2B49F0FB00CA2ABE /* Build configuration list for PBXNativeTarget "ImageSearchTests" */;
			buildPhases = (
				175AD1822B49F0FB00CA2ABE /* Sources */,
				175AD1832B49F0FB00CA2ABE /* Frameworks */,
				175AD1842B49F0FB00CA2ABE /* Resources */,
			);
			buildRules = (
			);
			dependencies = (
				175AD18B2B49F0FB00CA2ABE /* PBXTargetDependency */,
			);
			name = ImageSearchTests;
			productName = ImageSearchTests;
			productReference = 175AD1862B49F0FB00CA2ABE /* ImageSearchTests.xctest */;
			productType = "com.apple.product-type.bundle.unit-test";
		};
/* End PBXNativeTarget section */

/* Begin PBXProject section */
		175AD1532B48C57100CA2ABE /* Project object */ = {
			isa = PBXProject;
			attributes = {
				BuildIndependentTargetsInParallel = 1;
				LastSwiftUpdateCheck = 1510;
				LastUpgradeCheck = 1510;
				TargetAttributes = {
					175AD15A2B48C57100CA2ABE = {
						CreatedOnToolsVersion = 15.1;
					};
					175AD1852B49F0FB00CA2ABE = {
						CreatedOnToolsVersion = 15.1;
						TestTargetID = 175AD15A2B48C57100CA2ABE;
					};
				};
			};
			buildConfigurationList = 175AD1562B48C57100CA2ABE /* Build configuration list for PBXProject "ImageSearch" */;
			compatibilityVersion = "Xcode 14.0";
			developmentRegion = en;
			hasScannedForEncodings = 0;
			knownRegions = (
				en,
				Base,
			);
			mainGroup = 175AD1522B48C57100CA2ABE;
			productRefGroup = 175AD15C2B48C57100CA2ABE /* Products */;
			projectDirPath = "";
			projectRoot = "";
			targets = (
				175AD15A2B48C57100CA2ABE /* ImageSearch */,
				175AD1852B49F0FB00CA2ABE /* ImageSearchTests */,
			);
		};
/* End PBXProject section */

/* Begin PBXResourcesBuildPhase section */
		175AD1592B48C57100CA2ABE /* Resources */ = {
			isa = PBXResourcesBuildPhase;
			buildActionMask = 2147483647;
			files = (
				175AD1652B48C57200CA2ABE /* Assets.xcassets in Resources */,
				175AD1AC2B4C71F400CA2ABE /* data.json in Resources */,
				175AD1682B48C57200CA2ABE /* LaunchScreen.storyboard in Resources */,
			);
			runOnlyForDeploymentPostprocessing = 0;
		};
		175AD1842B49F0FB00CA2ABE /* Resources */ = {
			isa = PBXResourcesBuildPhase;
			buildActionMask = 2147483647;
			files = (
			);
			runOnlyForDeploymentPostprocessing = 0;
		};
/* End PBXResourcesBuildPhase section */

/* Begin PBXSourcesBuildPhase section */
		175AD1572B48C57100CA2ABE /* Sources */ = {
			isa = PBXSourcesBuildPhase;
			buildActionMask = 2147483647;
			files = (
				175AD1A32B4C40E000CA2ABE /* PhotosPage.swift in Sources */,
				175AD1A12B4C409700CA2ABE /* PhotoQuery.swift in Sources */,
				175AD1632B48C57100CA2ABE /* ViewController.swift in Sources */,
				175AD1812B49F0A200CA2ABE /* main.swift in Sources */,
				175AD19F2B4C3D7D00CA2ABE /* PhotosRepository.swift in Sources */,
				175AD17F2B49E80800CA2ABE /* Logger.swift in Sources */,
				1772B23B2B535044004D6D9F /* PhotoRespository.swift in Sources */,
				175AD1AA2B4C61C400CA2ABE /* APIService.swift in Sources */,
				1772B23D2B53525F004D6D9F /* APIEndpoints.swift in Sources */,
				175AD15F2B48C57100CA2ABE /* AppDelegate.swift in Sources */,
				175AD1712B48CA5C00CA2ABE /* SceneDelegate.swift in Sources */,
				1772B2372B534E63004D6D9F /* Endpoint.swift in Sources */,
				1772B23F2B5352E2004D6D9F /* PhotoRequestDTO.swift in Sources */,
				175AD1A62B4C421D00CA2ABE /* PhotoResponseDTO.swift in Sources */,
			);
			runOnlyForDeploymentPostprocessing = 0;
		};
		175AD1822B49F0FB00CA2ABE /* Sources */ = {
			isa = PBXSourcesBuildPhase;
			buildActionMask = 2147483647;
			files = (
				175AD1912B49F17800CA2ABE /* StubAppDelegate.swift in Sources */,
				175AD1892B49F0FB00CA2ABE /* ImageSearchTests.swift in Sources */,
			);
			runOnlyForDeploymentPostprocessing = 0;
		};
/* End PBXSourcesBuildPhase section */

/* Begin PBXTargetDependency section */
		175AD18B2B49F0FB00CA2ABE /* PBXTargetDependency */ = {
			isa = PBXTargetDependency;
			target = 175AD15A2B48C57100CA2ABE /* ImageSearch */;
			targetProxy = 175AD18A2B49F0FB00CA2ABE /* PBXContainerItemProxy */;
		};
/* End PBXTargetDependency section */

/* Begin PBXVariantGroup section */
		175AD1662B48C57200CA2ABE /* LaunchScreen.storyboard */ = {
			isa = PBXVariantGroup;
			children = (
				175AD1672B48C57200CA2ABE /* Base */,
			);
			name = LaunchScreen.storyboard;
			sourceTree = "<group>";
		};
/* End PBXVariantGroup section */

/* Begin XCBuildConfiguration section */
		175AD16A2B48C57200CA2ABE /* Debug */ = {
			isa = XCBuildConfiguration;
			buildSettings = {
				ALWAYS_SEARCH_USER_PATHS = NO;
				ASSETCATALOG_COMPILER_GENERATE_SWIFT_ASSET_SYMBOL_EXTENSIONS = YES;
				CLANG_ANALYZER_NONNULL = YES;
				CLANG_ANALYZER_NUMBER_OBJECT_CONVERSION = YES_AGGRESSIVE;
				CLANG_CXX_LANGUAGE_STANDARD = "gnu++20";
				CLANG_ENABLE_MODULES = YES;
				CLANG_ENABLE_OBJC_ARC = YES;
				CLANG_ENABLE_OBJC_WEAK = YES;
				CLANG_WARN_BLOCK_CAPTURE_AUTORELEASING = YES;
				CLANG_WARN_BOOL_CONVERSION = YES;
				CLANG_WARN_COMMA = YES;
				CLANG_WARN_CONSTANT_CONVERSION = YES;
				CLANG_WARN_DEPRECATED_OBJC_IMPLEMENTATIONS = YES;
				CLANG_WARN_DIRECT_OBJC_ISA_USAGE = YES_ERROR;
				CLANG_WARN_DOCUMENTATION_COMMENTS = YES;
				CLANG_WARN_EMPTY_BODY = YES;
				CLANG_WARN_ENUM_CONVERSION = YES;
				CLANG_WARN_INFINITE_RECURSION = YES;
				CLANG_WARN_INT_CONVERSION = YES;
				CLANG_WARN_NON_LITERAL_NULL_CONVERSION = YES;
				CLANG_WARN_OBJC_IMPLICIT_RETAIN_SELF = YES;
				CLANG_WARN_OBJC_LITERAL_CONVERSION = YES;
				CLANG_WARN_OBJC_ROOT_CLASS = YES_ERROR;
				CLANG_WARN_QUOTED_INCLUDE_IN_FRAMEWORK_HEADER = YES;
				CLANG_WARN_RANGE_LOOP_ANALYSIS = YES;
				CLANG_WARN_STRICT_PROTOTYPES = YES;
				CLANG_WARN_SUSPICIOUS_MOVE = YES;
				CLANG_WARN_UNGUARDED_AVAILABILITY = YES_AGGRESSIVE;
				CLANG_WARN_UNREACHABLE_CODE = YES;
				CLANG_WARN__DUPLICATE_METHOD_MATCH = YES;
				COPY_PHASE_STRIP = NO;
				DEBUG_INFORMATION_FORMAT = dwarf;
				ENABLE_STRICT_OBJC_MSGSEND = YES;
				ENABLE_TESTABILITY = YES;
				ENABLE_USER_SCRIPT_SANDBOXING = YES;
				GCC_C_LANGUAGE_STANDARD = gnu17;
				GCC_DYNAMIC_NO_PIC = NO;
				GCC_NO_COMMON_BLOCKS = YES;
				GCC_OPTIMIZATION_LEVEL = 0;
				GCC_PREPROCESSOR_DEFINITIONS = (
					"DEBUG=1",
					"$(inherited)",
				);
				GCC_WARN_64_TO_32_BIT_CONVERSION = YES;
				GCC_WARN_ABOUT_RETURN_TYPE = YES_ERROR;
				GCC_WARN_UNDECLARED_SELECTOR = YES;
				GCC_WARN_UNINITIALIZED_AUTOS = YES_AGGRESSIVE;
				GCC_WARN_UNUSED_FUNCTION = YES;
				GCC_WARN_UNUSED_VARIABLE = YES;
				IPHONEOS_DEPLOYMENT_TARGET = 17.2;
				LOCALIZATION_PREFERS_STRING_CATALOGS = YES;
				MTL_ENABLE_DEBUG_INFO = INCLUDE_SOURCE;
				MTL_FAST_MATH = YES;
				ONLY_ACTIVE_ARCH = YES;
				SDKROOT = iphoneos;
				SWIFT_ACTIVE_COMPILATION_CONDITIONS = "DEBUG $(inherited)";
				SWIFT_OPTIMIZATION_LEVEL = "-Onone";
			};
			name = Debug;
		};
		175AD16B2B48C57200CA2ABE /* Release */ = {
			isa = XCBuildConfiguration;
			buildSettings = {
				ALWAYS_SEARCH_USER_PATHS = NO;
				ASSETCATALOG_COMPILER_GENERATE_SWIFT_ASSET_SYMBOL_EXTENSIONS = YES;
				CLANG_ANALYZER_NONNULL = YES;
				CLANG_ANALYZER_NUMBER_OBJECT_CONVERSION = YES_AGGRESSIVE;
				CLANG_CXX_LANGUAGE_STANDARD = "gnu++20";
				CLANG_ENABLE_MODULES = YES;
				CLANG_ENABLE_OBJC_ARC = YES;
				CLANG_ENABLE_OBJC_WEAK = YES;
				CLANG_WARN_BLOCK_CAPTURE_AUTORELEASING = YES;
				CLANG_WARN_BOOL_CONVERSION = YES;
				CLANG_WARN_COMMA = YES;
				CLANG_WARN_CONSTANT_CONVERSION = YES;
				CLANG_WARN_DEPRECATED_OBJC_IMPLEMENTATIONS = YES;
				CLANG_WARN_DIRECT_OBJC_ISA_USAGE = YES_ERROR;
				CLANG_WARN_DOCUMENTATION_COMMENTS = YES;
				CLANG_WARN_EMPTY_BODY = YES;
				CLANG_WARN_ENUM_CONVERSION = YES;
				CLANG_WARN_INFINITE_RECURSION = YES;
				CLANG_WARN_INT_CONVERSION = YES;
				CLANG_WARN_NON_LITERAL_NULL_CONVERSION = YES;
				CLANG_WARN_OBJC_IMPLICIT_RETAIN_SELF = YES;
				CLANG_WARN_OBJC_LITERAL_CONVERSION = YES;
				CLANG_WARN_OBJC_ROOT_CLASS = YES_ERROR;
				CLANG_WARN_QUOTED_INCLUDE_IN_FRAMEWORK_HEADER = YES;
				CLANG_WARN_RANGE_LOOP_ANALYSIS = YES;
				CLANG_WARN_STRICT_PROTOTYPES = YES;
				CLANG_WARN_SUSPICIOUS_MOVE = YES;
				CLANG_WARN_UNGUARDED_AVAILABILITY = YES_AGGRESSIVE;
				CLANG_WARN_UNREACHABLE_CODE = YES;
				CLANG_WARN__DUPLICATE_METHOD_MATCH = YES;
				COPY_PHASE_STRIP = NO;
				DEBUG_INFORMATION_FORMAT = "dwarf-with-dsym";
				ENABLE_NS_ASSERTIONS = NO;
				ENABLE_STRICT_OBJC_MSGSEND = YES;
				ENABLE_USER_SCRIPT_SANDBOXING = YES;
				GCC_C_LANGUAGE_STANDARD = gnu17;
				GCC_NO_COMMON_BLOCKS = YES;
				GCC_WARN_64_TO_32_BIT_CONVERSION = YES;
				GCC_WARN_ABOUT_RETURN_TYPE = YES_ERROR;
				GCC_WARN_UNDECLARED_SELECTOR = YES;
				GCC_WARN_UNINITIALIZED_AUTOS = YES_AGGRESSIVE;
				GCC_WARN_UNUSED_FUNCTION = YES;
				GCC_WARN_UNUSED_VARIABLE = YES;
				IPHONEOS_DEPLOYMENT_TARGET = 17.2;
				LOCALIZATION_PREFERS_STRING_CATALOGS = YES;
				MTL_ENABLE_DEBUG_INFO = NO;
				MTL_FAST_MATH = YES;
				SDKROOT = iphoneos;
				SWIFT_COMPILATION_MODE = wholemodule;
				VALIDATE_PRODUCT = YES;
			};
			name = Release;
		};
		175AD16D2B48C57200CA2ABE /* Debug */ = {
			isa = XCBuildConfiguration;
			buildSettings = {
				API_BASE_URL = "https://www.pexels.com";
				API_KEY = UxK7zU4UqLID36VtnkvvJZZGdrHxAQzhKJ4HRFC9sLh0Pt5PnRDzkpiE;
				ASSETCATALOG_COMPILER_APPICON_NAME = AppIcon;
				ASSETCATALOG_COMPILER_GLOBAL_ACCENT_COLOR_NAME = AccentColor;
				CODE_SIGN_STYLE = Automatic;
				CURRENT_PROJECT_VERSION = 1;
				DEVELOPMENT_TEAM = G37F7HJP2B;
				GENERATE_INFOPLIST_FILE = YES;
				INFOPLIST_FILE = ImageSearch/Info.plist;
				INFOPLIST_KEY_UIApplicationSupportsIndirectInputEvents = YES;
				INFOPLIST_KEY_UILaunchStoryboardName = LaunchScreen;
				INFOPLIST_KEY_UISupportedInterfaceOrientations = UIInterfaceOrientationPortrait;
				INFOPLIST_KEY_UISupportedInterfaceOrientations_iPad = "UIInterfaceOrientationLandscapeLeft UIInterfaceOrientationLandscapeRight UIInterfaceOrientationPortrait UIInterfaceOrientationPortraitUpsideDown";
				IPHONEOS_DEPLOYMENT_TARGET = 15.0;
				LD_RUNPATH_SEARCH_PATHS = (
					"$(inherited)",
					"@executable_path/Frameworks",
				);
				MARKETING_VERSION = 1.0;
				PRODUCT_BUNDLE_IDENTIFIER = com.doremin.ImageSearch;
				PRODUCT_NAME = "$(TARGET_NAME)";
				SUPPORTED_PLATFORMS = "iphoneos iphonesimulator";
				SUPPORTS_MACCATALYST = NO;
				SUPPORTS_MAC_DESIGNED_FOR_IPHONE_IPAD = NO;
				SWIFT_EMIT_LOC_STRINGS = YES;
				SWIFT_VERSION = 5.0;
				TARGETED_DEVICE_FAMILY = 1;
			};
			name = Debug;
		};
		175AD16E2B48C57200CA2ABE /* Release */ = {
			isa = XCBuildConfiguration;
			buildSettings = {
				API_BASE_URL = "https://www.pexels.com";
				API_KEY = UxK7zU4UqLID36VtnkvvJZZGdrHxAQzhKJ4HRFC9sLh0Pt5PnRDzkpiE;
				ASSETCATALOG_COMPILER_APPICON_NAME = AppIcon;
				ASSETCATALOG_COMPILER_GLOBAL_ACCENT_COLOR_NAME = AccentColor;
				CODE_SIGN_STYLE = Automatic;
				CURRENT_PROJECT_VERSION = 1;
				DEVELOPMENT_TEAM = G37F7HJP2B;
				GENERATE_INFOPLIST_FILE = YES;
				INFOPLIST_FILE = ImageSearch/Info.plist;
				INFOPLIST_KEY_UIApplicationSupportsIndirectInputEvents = YES;
				INFOPLIST_KEY_UILaunchStoryboardName = LaunchScreen;
				INFOPLIST_KEY_UISupportedInterfaceOrientations = UIInterfaceOrientationPortrait;
				INFOPLIST_KEY_UISupportedInterfaceOrientations_iPad = "UIInterfaceOrientationLandscapeLeft UIInterfaceOrientationLandscapeRight UIInterfaceOrientationPortrait UIInterfaceOrientationPortraitUpsideDown";
				IPHONEOS_DEPLOYMENT_TARGET = 15.0;
				LD_RUNPATH_SEARCH_PATHS = (
					"$(inherited)",
					"@executable_path/Frameworks",
				);
				MARKETING_VERSION = 1.0;
				PRODUCT_BUNDLE_IDENTIFIER = com.doremin.ImageSearch;
				PRODUCT_NAME = "$(TARGET_NAME)";
				SUPPORTED_PLATFORMS = "iphoneos iphonesimulator";
				SUPPORTS_MACCATALYST = NO;
				SUPPORTS_MAC_DESIGNED_FOR_IPHONE_IPAD = NO;
				SWIFT_EMIT_LOC_STRINGS = YES;
				SWIFT_VERSION = 5.0;
				TARGETED_DEVICE_FAMILY = 1;
			};
			name = Release;
		};
		175AD18D2B49F0FB00CA2ABE /* Debug */ = {
			isa = XCBuildConfiguration;
			buildSettings = {
				BUNDLE_LOADER = "$(TEST_HOST)";
				CODE_SIGN_STYLE = Automatic;
				CURRENT_PROJECT_VERSION = 1;
				DEVELOPMENT_TEAM = G37F7HJP2B;
				GENERATE_INFOPLIST_FILE = YES;
				MARKETING_VERSION = 1.0;
				PRODUCT_BUNDLE_IDENTIFIER = com.doremin.ImageSearchTests;
				PRODUCT_NAME = "$(TARGET_NAME)";
				SWIFT_EMIT_LOC_STRINGS = NO;
				SWIFT_VERSION = 5.0;
				TARGETED_DEVICE_FAMILY = "1,2";
				TEST_HOST = "$(BUILT_PRODUCTS_DIR)/ImageSearch.app/$(BUNDLE_EXECUTABLE_FOLDER_PATH)/ImageSearch";
			};
			name = Debug;
		};
		175AD18E2B49F0FB00CA2ABE /* Release */ = {
			isa = XCBuildConfiguration;
			buildSettings = {
				BUNDLE_LOADER = "$(TEST_HOST)";
				CODE_SIGN_STYLE = Automatic;
				CURRENT_PROJECT_VERSION = 1;
				DEVELOPMENT_TEAM = G37F7HJP2B;
				GENERATE_INFOPLIST_FILE = YES;
				MARKETING_VERSION = 1.0;
				PRODUCT_BUNDLE_IDENTIFIER = com.doremin.ImageSearchTests;
				PRODUCT_NAME = "$(TARGET_NAME)";
				SWIFT_EMIT_LOC_STRINGS = NO;
				SWIFT_VERSION = 5.0;
				TARGETED_DEVICE_FAMILY = "1,2";
				TEST_HOST = "$(BUILT_PRODUCTS_DIR)/ImageSearch.app/$(BUNDLE_EXECUTABLE_FOLDER_PATH)/ImageSearch";
			};
			name = Release;
		};
/* End XCBuildConfiguration section */

/* Begin XCConfigurationList section */
		175AD1562B48C57100CA2ABE /* Build configuration list for PBXProject "ImageSearch" */ = {
			isa = XCConfigurationList;
			buildConfigurations = (
				175AD16A2B48C57200CA2ABE /* Debug */,
				175AD16B2B48C57200CA2ABE /* Release */,
			);
			defaultConfigurationIsVisible = 0;
			defaultConfigurationName = Release;
		};
		175AD16C2B48C57200CA2ABE /* Build configuration list for PBXNativeTarget "ImageSearch" */ = {
			isa = XCConfigurationList;
			buildConfigurations = (
				175AD16D2B48C57200CA2ABE /* Debug */,
				175AD16E2B48C57200CA2ABE /* Release */,
			);
			defaultConfigurationIsVisible = 0;
			defaultConfigurationName = Release;
		};
		175AD18C2B49F0FB00CA2ABE /* Build configuration list for PBXNativeTarget "ImageSearchTests" */ = {
			isa = XCConfigurationList;
			buildConfigurations = (
				175AD18D2B49F0FB00CA2ABE /* Debug */,
				175AD18E2B49F0FB00CA2ABE /* Release */,
			);
			defaultConfigurationIsVisible = 0;
			defaultConfigurationName = Release;
		};
/* End XCConfigurationList section */
	};
	rootObject = 175AD1532B48C57100CA2ABE /* Project object */;
}
